
Microsoft Visual Studio Solution File, Format Version 12.00
# Visual Studio Version 16
VisualStudioVersion = 16.0.29613.14
MinimumVisualStudioVersion = 10.0.40219.1
Project("{888888A0-9F3D-457C-B088-3A5042F75D52}") = "PythonOptimisationLib", "PythonOptimisationLib.pyproj", "{25AB1FD4-B524-4072-AA12-837B408134B7}"
EndProject
Global
	GlobalSection(SolutionConfigurationPlatforms) = preSolution
		Debug|Any CPU = Debug|Any CPU
		Release|Any CPU = Release|Any CPU
	EndGlobalSection
	GlobalSection(ProjectConfigurationPlatforms) = postSolution
		{25AB1FD4-B524-4072-AA12-837B408134B7}.Debug|Any CPU.ActiveCfg = Debug|Any CPU
		{25AB1FD4-B524-4072-AA12-837B408134B7}.Release|Any CPU.ActiveCfg = Release|Any CPU
	EndGlobalSection
	GlobalSection(SolutionProperties) = preSolution
		HideSolutionNode = FALSE
	EndGlobalSection
	GlobalSection(ExtensibilityGlobals) = postSolution
		SolutionGuid = {E1497901-B12D-4497-9BC2-50FFFF0CF9E8}
	EndGlobalSection
EndGlobal
